
Microsoft Visual Studio Solution File, Format Version 12.00
# Visual Studio Version 16
VisualStudioVersion = 16.0.30204.135
MinimumVisualStudioVersion = 10.0.40219.1
Project("{FAE04EC0-301F-11D3-BF4B-00C04F79EFBC}") = "ShootGame", "ShootGame\ShootGame.csproj", "{64BFBA1F-1D50-424F-B9D4-BB79C6DD970D}"
EndProject
Project("{FAE04EC0-301F-11D3-BF4B-00C04F79EFBC}") = "UnitTestProject1", "UnitTestProject1\UnitTestProject1.csproj", "{7DEEBDDF-4DC1-473A-9D4A-D57D5609CDCD}"
EndProject
Global
	GlobalSection(SolutionConfigurationPlatforms) = preSolution
		Debug|Any CPU = Debug|Any CPU
		Release|Any CPU = Release|Any CPU
	EndGlobalSection
	GlobalSection(ProjectConfigurationPlatforms) = postSolution
		{64BFBA1F-1D50-424F-B9D4-BB79C6DD970D}.Debug|Any CPU.ActiveCfg = Debug|Any CPU
		{64BFBA1F-1D50-424F-B9D4-BB79C6DD970D}.Debug|Any CPU.Build.0 = Debug|Any CPU
		{64BFBA1F-1D50-424F-B9D4-BB79C6DD970D}.Release|Any CPU.ActiveCfg = Release|Any CPU
		{64BFBA1F-1D50-424F-B9D4-BB79C6DD970D}.Release|Any CPU.Build.0 = Release|Any CPU
		{7DEEBDDF-4DC1-473A-9D4A-D57D5609CDCD}.Debug|Any CPU.ActiveCfg = Debug|Any CPU
		{7DEEBDDF-4DC1-473A-9D4A-D57D5609CDCD}.Debug|Any CPU.Build.0 = Debug|Any CPU
		{7DEEBDDF-4DC1-473A-9D4A-D57D5609CDCD}.Release|Any CPU.ActiveCfg = Release|Any CPU
		{7DEEBDDF-4DC1-473A-9D4A-D57D5609CDCD}.Release|Any CPU.Build.0 = Release|Any CPU
	EndGlobalSection
	GlobalSection(SolutionProperties) = preSolution
		HideSolutionNode = FALSE
	EndGlobalSection
	GlobalSection(ExtensibilityGlobals) = postSolution
		SolutionGuid = {5BE62C49-C48C-4FAF-9A35-7AD97661BBBB}
	EndGlobalSection
EndGlobal
